
Microsoft Visual Studio Solution File, Format Version 12.00
# Visual Studio Version 16
VisualStudioVersion = 16.0.30011.22
MinimumVisualStudioVersion = 10.0.40219.1
Project("{FAE04EC0-301F-11D3-BF4B-00C04F79EFBC}") = "QuizK101", "QuizK101\QuizK101.csproj", "{5887828B-2AE0-4C8B-BF2D-FE174A919F45}"
EndProject
Global
	GlobalSection(SolutionConfigurationPlatforms) = preSolution
		Debug|Any CPU = Debug|Any CPU
		Release|Any CPU = Release|Any CPU
	EndGlobalSection
	GlobalSection(ProjectConfigurationPlatforms) = postSolution
		{5887828B-2AE0-4C8B-BF2D-FE174A919F45}.Debug|Any CPU.ActiveCfg = Debug|Any CPU
		{5887828B-2AE0-4C8B-BF2D-FE174A919F45}.Debug|Any CPU.Build.0 = Debug|Any CPU
		{5887828B-2AE0-4C8B-BF2D-FE174A919F45}.Release|Any CPU.ActiveCfg = Release|Any CPU
		{5887828B-2AE0-4C8B-BF2D-FE174A919F45}.Release|Any CPU.Build.0 = Release|Any CPU
	EndGlobalSection
	GlobalSection(SolutionProperties) = preSolution
		HideSolutionNode = FALSE
	EndGlobalSection
	GlobalSection(ExtensibilityGlobals) = postSolution
		SolutionGuid = {E78A31FD-470A-44ED-A8AE-4C42D0154D1B}
	EndGlobalSection
EndGlobal
